
Microsoft Visual Studio Solution File, Format Version 12.00
# Visual Studio Version 17
VisualStudioVersion = 17.0.31903.59
MinimumVisualStudioVersion = 10.0.40219.1
Project("{FAE04EC0-301F-11D3-BF4B-00C04F79EFBC}") = "aplication", "aplication\aplication.csproj", "{4FE72E6E-6F30-4995-B38F-8661440E8EF3}"
EndProject
Project("{FAE04EC0-301F-11D3-BF4B-00C04F79EFBC}") = "presentation", "presentation\presentation.csproj", "{868F208F-6BA4-499A-9A7C-C909E3209F8F}"
EndProject
Project("{FAE04EC0-301F-11D3-BF4B-00C04F79EFBC}") = "domain", "domain\domain.csproj", "{06D3ADD7-0B78-40E0-9C77-6510C714CE0C}"
EndProject
Project("{FAE04EC0-301F-11D3-BF4B-00C04F79EFBC}") = "tests", "tests\tests.csproj", "{20FC708F-6F25-40B5-8ACD-93E014690373}"
EndProject
Global
	GlobalSection(SolutionConfigurationPlatforms) = preSolution
		Debug|Any CPU = Debug|Any CPU
		Release|Any CPU = Release|Any CPU
	EndGlobalSection
	GlobalSection(SolutionProperties) = preSolution
		HideSolutionNode = FALSE
	EndGlobalSection
	GlobalSection(ProjectConfigurationPlatforms) = postSolution
		{4FE72E6E-6F30-4995-B38F-8661440E8EF3}.Debug|Any CPU.ActiveCfg = Debug|Any CPU
		{4FE72E6E-6F30-4995-B38F-8661440E8EF3}.Debug|Any CPU.Build.0 = Debug|Any CPU
		{4FE72E6E-6F30-4995-B38F-8661440E8EF3}.Release|Any CPU.ActiveCfg = Release|Any CPU
		{4FE72E6E-6F30-4995-B38F-8661440E8EF3}.Release|Any CPU.Build.0 = Release|Any CPU
		{868F208F-6BA4-499A-9A7C-C909E3209F8F}.Debug|Any CPU.ActiveCfg = Debug|Any CPU
		{868F208F-6BA4-499A-9A7C-C909E3209F8F}.Debug|Any CPU.Build.0 = Debug|Any CPU
		{868F208F-6BA4-499A-9A7C-C909E3209F8F}.Release|Any CPU.ActiveCfg = Release|Any CPU
		{868F208F-6BA4-499A-9A7C-C909E3209F8F}.Release|Any CPU.Build.0 = Release|Any CPU
		{06D3ADD7-0B78-40E0-9C77-6510C714CE0C}.Debug|Any CPU.ActiveCfg = Debug|Any CPU
		{06D3ADD7-0B78-40E0-9C77-6510C714CE0C}.Debug|Any CPU.Build.0 = Debug|Any CPU
		{06D3ADD7-0B78-40E0-9C77-6510C714CE0C}.Release|Any CPU.ActiveCfg = Release|Any CPU
		{06D3ADD7-0B78-40E0-9C77-6510C714CE0C}.Release|Any CPU.Build.0 = Release|Any CPU
		{20FC708F-6F25-40B5-8ACD-93E014690373}.Debug|Any CPU.ActiveCfg = Debug|Any CPU
		{20FC708F-6F25-40B5-8ACD-93E014690373}.Debug|Any CPU.Build.0 = Debug|Any CPU
		{20FC708F-6F25-40B5-8ACD-93E014690373}.Release|Any CPU.ActiveCfg = Release|Any CPU
		{20FC708F-6F25-40B5-8ACD-93E014690373}.Release|Any CPU.Build.0 = Release|Any CPU
	EndGlobalSection
EndGlobal
