
Microsoft Visual Studio Solution File, Format Version 12.00
# Visual Studio Version 17
VisualStudioVersion = 17.0.31903.59
MinimumVisualStudioVersion = 10.0.40219.1
Project("{FAE04EC0-301F-11D3-BF4B-00C04F79EFBC}") = "aplication", "aplication\aplication.csproj", "{FA831150-7389-428C-96CA-5DFC4B0C8B8B}"
EndProject
Project("{FAE04EC0-301F-11D3-BF4B-00C04F79EFBC}") = "domain", "domain\domain.csproj", "{426C1810-75C0-4B6A-9763-0A5BAA1A5E20}"
EndProject
Project("{FAE04EC0-301F-11D3-BF4B-00C04F79EFBC}") = "presentation", "presentation\presentation.csproj", "{90847D3B-3C0F-44F9-9B83-F7C5A700885E}"
EndProject
Project("{FAE04EC0-301F-11D3-BF4B-00C04F79EFBC}") = "tests", "tests\tests.csproj", "{D30185B8-A658-401E-9256-BFE015CECA6E}"
EndProject
Global
	GlobalSection(SolutionConfigurationPlatforms) = preSolution
		Debug|Any CPU = Debug|Any CPU
		Debug|x64 = Debug|x64
		Debug|x86 = Debug|x86
		Release|Any CPU = Release|Any CPU
		Release|x64 = Release|x64
		Release|x86 = Release|x86
	EndGlobalSection
	GlobalSection(ProjectConfigurationPlatforms) = postSolution
		{FA831150-7389-428C-96CA-5DFC4B0C8B8B}.Debug|Any CPU.ActiveCfg = Debug|Any CPU
		{FA831150-7389-428C-96CA-5DFC4B0C8B8B}.Debug|Any CPU.Build.0 = Debug|Any CPU
		{FA831150-7389-428C-96CA-5DFC4B0C8B8B}.Debug|x64.ActiveCfg = Debug|Any CPU
		{FA831150-7389-428C-96CA-5DFC4B0C8B8B}.Debug|x64.Build.0 = Debug|Any CPU
		{FA831150-7389-428C-96CA-5DFC4B0C8B8B}.Debug|x86.ActiveCfg = Debug|Any CPU
		{FA831150-7389-428C-96CA-5DFC4B0C8B8B}.Debug|x86.Build.0 = Debug|Any CPU
		{FA831150-7389-428C-96CA-5DFC4B0C8B8B}.Release|Any CPU.ActiveCfg = Release|Any CPU
		{FA831150-7389-428C-96CA-5DFC4B0C8B8B}.Release|Any CPU.Build.0 = Release|Any CPU
		{FA831150-7389-428C-96CA-5DFC4B0C8B8B}.Release|x64.ActiveCfg = Release|Any CPU
		{FA831150-7389-428C-96CA-5DFC4B0C8B8B}.Release|x64.Build.0 = Release|Any CPU
		{FA831150-7389-428C-96CA-5DFC4B0C8B8B}.Release|x86.ActiveCfg = Release|Any CPU
		{FA831150-7389-428C-96CA-5DFC4B0C8B8B}.Release|x86.Build.0 = Release|Any CPU
		{426C1810-75C0-4B6A-9763-0A5BAA1A5E20}.Debug|Any CPU.ActiveCfg = Debug|Any CPU
		{426C1810-75C0-4B6A-9763-0A5BAA1A5E20}.Debug|Any CPU.Build.0 = Debug|Any CPU
		{426C1810-75C0-4B6A-9763-0A5BAA1A5E20}.Debug|x64.ActiveCfg = Debug|Any CPU
		{426C1810-75C0-4B6A-9763-0A5BAA1A5E20}.Debug|x64.Build.0 = Debug|Any CPU
		{426C1810-75C0-4B6A-9763-0A5BAA1A5E20}.Debug|x86.ActiveCfg = Debug|Any CPU
		{426C1810-75C0-4B6A-9763-0A5BAA1A5E20}.Debug|x86.Build.0 = Debug|Any CPU
		{426C1810-75C0-4B6A-9763-0A5BAA1A5E20}.Release|Any CPU.ActiveCfg = Release|Any CPU
		{426C1810-75C0-4B6A-9763-0A5BAA1A5E20}.Release|Any CPU.Build.0 = Release|Any CPU
		{426C1810-75C0-4B6A-9763-0A5BAA1A5E20}.Release|x64.ActiveCfg = Release|Any CPU
		{426C1810-75C0-4B6A-9763-0A5BAA1A5E20}.Release|x64.Build.0 = Release|Any CPU
		{426C1810-75C0-4B6A-9763-0A5BAA1A5E20}.Release|x86.ActiveCfg = Release|Any CPU
		{426C1810-75C0-4B6A-9763-0A5BAA1A5E20}.Release|x86.Build.0 = Release|Any CPU
		{90847D3B-3C0F-44F9-9B83-F7C5A700885E}.Debug|Any CPU.ActiveCfg = Debug|Any CPU
		{90847D3B-3C0F-44F9-9B83-F7C5A700885E}.Debug|Any CPU.Build.0 = Debug|Any CPU
		{90847D3B-3C0F-44F9-9B83-F7C5A700885E}.Debug|x64.ActiveCfg = Debug|Any CPU
		{90847D3B-3C0F-44F9-9B83-F7C5A700885E}.Debug|x64.Build.0 = Debug|Any CPU
		{90847D3B-3C0F-44F9-9B83-F7C5A700885E}.Debug|x86.ActiveCfg = Debug|Any CPU
		{90847D3B-3C0F-44F9-9B83-F7C5A700885E}.Debug|x86.Build.0 = Debug|Any CPU
		{90847D3B-3C0F-44F9-9B83-F7C5A700885E}.Release|Any CPU.ActiveCfg = Release|Any CPU
		{90847D3B-3C0F-44F9-9B83-F7C5A700885E}.Release|Any CPU.Build.0 = Release|Any CPU
		{90847D3B-3C0F-44F9-9B83-F7C5A700885E}.Release|x64.ActiveCfg = Release|Any CPU
		{90847D3B-3C0F-44F9-9B83-F7C5A700885E}.Release|x64.Build.0 = Release|Any CPU
		{90847D3B-3C0F-44F9-9B83-F7C5A700885E}.Release|x86.ActiveCfg = Release|Any CPU
		{90847D3B-3C0F-44F9-9B83-F7C5A700885E}.Release|x86.Build.0 = Release|Any CPU
		{D30185B8-A658-401E-9256-BFE015CECA6E}.Debug|Any CPU.ActiveCfg = Debug|Any CPU
		{D30185B8-A658-401E-9256-BFE015CECA6E}.Debug|Any CPU.Build.0 = Debug|Any CPU
		{D30185B8-A658-401E-9256-BFE015CECA6E}.Debug|x64.ActiveCfg = Debug|Any CPU
		{D30185B8-A658-401E-9256-BFE015CECA6E}.Debug|x64.Build.0 = Debug|Any CPU
		{D30185B8-A658-401E-9256-BFE015CECA6E}.Debug|x86.ActiveCfg = Debug|Any CPU
		{D30185B8-A658-401E-9256-BFE015CECA6E}.Debug|x86.Build.0 = Debug|Any CPU
		{D30185B8-A658-401E-9256-BFE015CECA6E}.Release|Any CPU.ActiveCfg = Release|Any CPU
		{D30185B8-A658-401E-9256-BFE015CECA6E}.Release|Any CPU.Build.0 = Release|Any CPU
		{D30185B8-A658-401E-9256-BFE015CECA6E}.Release|x64.ActiveCfg = Release|Any CPU
		{D30185B8-A658-401E-9256-BFE015CECA6E}.Release|x64.Build.0 = Release|Any CPU
		{D30185B8-A658-401E-9256-BFE015CECA6E}.Release|x86.ActiveCfg = Release|Any CPU
		{D30185B8-A658-401E-9256-BFE015CECA6E}.Release|x86.Build.0 = Release|Any CPU
	EndGlobalSection
	GlobalSection(SolutionProperties) = preSolution
		HideSolutionNode = FALSE
	EndGlobalSection
EndGlobal
